// !$*UTF8*$!
{
	archiveVersion = 1;
	classes = {
	};
	objectVersion = 51;
	objects = {

/* Begin PBXBuildFile section */
		331BEDE3254EDD0D0050AB73 /* AppDelegate.swift in Sources */ = {isa = PBXBuildFile; fileRef = 331BEDE2254EDD0D0050AB73 /* AppDelegate.swift */; };
		331BEDE5254EDD0D0050AB73 /* SceneDelegate.swift in Sources */ = {isa = PBXBuildFile; fileRef = 331BEDE4254EDD0D0050AB73 /* SceneDelegate.swift */; };
		331BEDEC254EDD0E0050AB73 /* Assets.xcassets in Resources */ = {isa = PBXBuildFile; fileRef = 331BEDEB254EDD0E0050AB73 /* Assets.xcassets */; };
		331BEDEF254EDD0E0050AB73 /* LaunchScreen.storyboard in Resources */ = {isa = PBXBuildFile; fileRef = 331BEDED254EDD0E0050AB73 /* LaunchScreen.storyboard */; };
		331BEDFA254EDD0E0050AB73 /* TodoTests.swift in Sources */ = {isa = PBXBuildFile; fileRef = 331BEDF9254EDD0E0050AB73 /* TodoTests.swift */; };
		331BEE05254EDD0E0050AB73 /* TodoUITests.swift in Sources */ = {isa = PBXBuildFile; fileRef = 331BEE04254EDD0E0050AB73 /* TodoUITests.swift */; };
		332FAD4C255EBEA500BC64E3 /* LoginPresenter.swift in Sources */ = {isa = PBXBuildFile; fileRef = 332FAD4B255EBEA500BC64E3 /* LoginPresenter.swift */; };
		332FAD51255EBEB900BC64E3 /* LoginRouter.swift in Sources */ = {isa = PBXBuildFile; fileRef = 332FAD50255EBEB900BC64E3 /* LoginRouter.swift */; };
		332FAD56255EBEE200BC64E3 /* LoginBuilder.swift in Sources */ = {isa = PBXBuildFile; fileRef = 332FAD55255EBEE200BC64E3 /* LoginBuilder.swift */; };
		332FAD5C255EBF1B00BC64E3 /* TodoListViewController.swift in Sources */ = {isa = PBXBuildFile; fileRef = 332FAD5B255EBF1B00BC64E3 /* TodoListViewController.swift */; };
		332FAD61255EBF3C00BC64E3 /* LoginViewController.storyboard in Resources */ = {isa = PBXBuildFile; fileRef = 332FAD60255EBF3C00BC64E3 /* LoginViewController.storyboard */; };
		332FAD66255EBF5000BC64E3 /* TodoListPresenter.swift in Sources */ = {isa = PBXBuildFile; fileRef = 332FAD65255EBF5000BC64E3 /* TodoListPresenter.swift */; };
		332FAD6B255EBF5D00BC64E3 /* TodoListViewController.storyboard in Resources */ = {isa = PBXBuildFile; fileRef = 332FAD6A255EBF5D00BC64E3 /* TodoListViewController.storyboard */; };
		332FAD70255EBF7000BC64E3 /* TodoListRouter.swift in Sources */ = {isa = PBXBuildFile; fileRef = 332FAD6F255EBF7000BC64E3 /* TodoListRouter.swift */; };
		332FAD75255EBF7E00BC64E3 /* TodoListBuilder.swift in Sources */ = {isa = PBXBuildFile; fileRef = 332FAD74255EBF7E00BC64E3 /* TodoListBuilder.swift */; };
		332FAD7B255EBFB300BC64E3 /* TodoDetailViewController.swift in Sources */ = {isa = PBXBuildFile; fileRef = 332FAD79255EBFB300BC64E3 /* TodoDetailViewController.swift */; };
		332FAD87255EBFCD00BC64E3 /* TodoDetailViewController.storyboard in Resources */ = {isa = PBXBuildFile; fileRef = 332FAD86255EBFCD00BC64E3 /* TodoDetailViewController.storyboard */; };
		332FAD8C255EBFDA00BC64E3 /* TodoDetailPresenter.swift in Sources */ = {isa = PBXBuildFile; fileRef = 332FAD8B255EBFDA00BC64E3 /* TodoDetailPresenter.swift */; };
		332FAD91255EBFE400BC64E3 /* TodoDetailRouter.swift in Sources */ = {isa = PBXBuildFile; fileRef = 332FAD90255EBFE400BC64E3 /* TodoDetailRouter.swift */; };
		332FAD96255EBFF200BC64E3 /* TodoDetailBuilder.swift in Sources */ = {isa = PBXBuildFile; fileRef = 332FAD95255EBFF200BC64E3 /* TodoDetailBuilder.swift */; };
		332FADA025609BC300BC64E3 /* GoogleService-Info.plist in Resources */ = {isa = PBXBuildFile; fileRef = 332FAD9F25609BC300BC64E3 /* GoogleService-Info.plist */; };
		333EB2D22560FC48001BC049 /* UIViewController+extensions.swift in Sources */ = {isa = PBXBuildFile; fileRef = 333EB2D12560FC48001BC049 /* UIViewController+extensions.swift */; };
		5617DAFF6D375A58B4CCFC36 /* Pods_Todo.framework in Frameworks */ = {isa = PBXBuildFile; fileRef = 52C788246F612C31160F9278 /* Pods_Todo.framework */; };
		A7638CC2618CFD5A6BF60DC4 /* Pods_TodoTests.framework in Frameworks */ = {isa = PBXBuildFile; fileRef = 2B4241DCDD268B959376E652 /* Pods_TodoTests.framework */; };
		C92BD41625553714002A0DCA /* LoginUsecase.swift in Sources */ = {isa = PBXBuildFile; fileRef = C92BD41525553714002A0DCA /* LoginUsecase.swift */; };
		C92BD41E2555371F002A0DCA /* TodoUsecase.swift in Sources */ = {isa = PBXBuildFile; fileRef = C92BD41D2555371F002A0DCA /* TodoUsecase.swift */; };
		C92BD42325553737002A0DCA /* LoginRepository.swift in Sources */ = {isa = PBXBuildFile; fileRef = C92BD42225553737002A0DCA /* LoginRepository.swift */; };
		C92BD42825553740002A0DCA /* TodoRepository.swift in Sources */ = {isa = PBXBuildFile; fileRef = C92BD42725553740002A0DCA /* TodoRepository.swift */; };
		C92BD4352555376B002A0DCA /* LoginViewController.swift in Sources */ = {isa = PBXBuildFile; fileRef = C92BD4342555376B002A0DCA /* LoginViewController.swift */; };
		C930664A2552478100957493 /* Todo.swift in Sources */ = {isa = PBXBuildFile; fileRef = C93066492552478100957493 /* Todo.swift */; };
		C930669B2553B34600957493 /* README.md in Resources */ = {isa = PBXBuildFile; fileRef = C930669A2553B34600957493 /* README.md */; };
		CBC3FE15D167339E17463A04 /* Pods_Todo_TodoUITests.framework in Frameworks */ = {isa = PBXBuildFile; fileRef = C7F14E1625C18E9009F5128E /* Pods_Todo_TodoUITests.framework */; };
/* End PBXBuildFile section */

/* Begin PBXContainerItemProxy section */
		331BEDF6254EDD0E0050AB73 /* PBXContainerItemProxy */ = {
			isa = PBXContainerItemProxy;
			containerPortal = 331BEDD7254EDD0D0050AB73 /* Project object */;
			proxyType = 1;
			remoteGlobalIDString = 331BEDDE254EDD0D0050AB73;
			remoteInfo = Todo;
		};
		331BEE01254EDD0E0050AB73 /* PBXContainerItemProxy */ = {
			isa = PBXContainerItemProxy;
			containerPortal = 331BEDD7254EDD0D0050AB73 /* Project object */;
			proxyType = 1;
			remoteGlobalIDString = 331BEDDE254EDD0D0050AB73;
			remoteInfo = Todo;
		};
/* End PBXContainerItemProxy section */

/* Begin PBXFileReference section */
		2B4241DCDD268B959376E652 /* Pods_TodoTests.framework */ = {isa = PBXFileReference; explicitFileType = wrapper.framework; includeInIndex = 0; path = Pods_TodoTests.framework; sourceTree = BUILT_PRODUCTS_DIR; };
		331BEDDF254EDD0D0050AB73 /* Todo.app */ = {isa = PBXFileReference; explicitFileType = wrapper.application; includeInIndex = 0; path = Todo.app; sourceTree = BUILT_PRODUCTS_DIR; };
		331BEDE2254EDD0D0050AB73 /* AppDelegate.swift */ = {isa = PBXFileReference; lastKnownFileType = sourcecode.swift; path = AppDelegate.swift; sourceTree = "<group>"; };
		331BEDE4254EDD0D0050AB73 /* SceneDelegate.swift */ = {isa = PBXFileReference; lastKnownFileType = sourcecode.swift; path = SceneDelegate.swift; sourceTree = "<group>"; };
		331BEDEB254EDD0E0050AB73 /* Assets.xcassets */ = {isa = PBXFileReference; lastKnownFileType = folder.assetcatalog; path = Assets.xcassets; sourceTree = "<group>"; };
		331BEDEE254EDD0E0050AB73 /* Base */ = {isa = PBXFileReference; lastKnownFileType = file.storyboard; name = Base; path = Base.lproj/LaunchScreen.storyboard; sourceTree = "<group>"; };
		331BEDF0254EDD0E0050AB73 /* Info.plist */ = {isa = PBXFileReference; lastKnownFileType = text.plist.xml; path = Info.plist; sourceTree = "<group>"; };
		331BEDF5254EDD0E0050AB73 /* TodoTests.xctest */ = {isa = PBXFileReference; explicitFileType = wrapper.cfbundle; includeInIndex = 0; path = TodoTests.xctest; sourceTree = BUILT_PRODUCTS_DIR; };
		331BEDF9254EDD0E0050AB73 /* TodoTests.swift */ = {isa = PBXFileReference; lastKnownFileType = sourcecode.swift; path = TodoTests.swift; sourceTree = "<group>"; };
		331BEDFB254EDD0E0050AB73 /* Info.plist */ = {isa = PBXFileReference; lastKnownFileType = text.plist.xml; path = Info.plist; sourceTree = "<group>"; };
		331BEE00254EDD0E0050AB73 /* TodoUITests.xctest */ = {isa = PBXFileReference; explicitFileType = wrapper.cfbundle; includeInIndex = 0; path = TodoUITests.xctest; sourceTree = BUILT_PRODUCTS_DIR; };
		331BEE04254EDD0E0050AB73 /* TodoUITests.swift */ = {isa = PBXFileReference; lastKnownFileType = sourcecode.swift; path = TodoUITests.swift; sourceTree = "<group>"; };
		331BEE06254EDD0E0050AB73 /* Info.plist */ = {isa = PBXFileReference; lastKnownFileType = text.plist.xml; path = Info.plist; sourceTree = "<group>"; };
		332FAD4B255EBEA500BC64E3 /* LoginPresenter.swift */ = {isa = PBXFileReference; lastKnownFileType = sourcecode.swift; path = LoginPresenter.swift; sourceTree = "<group>"; };
		332FAD50255EBEB900BC64E3 /* LoginRouter.swift */ = {isa = PBXFileReference; lastKnownFileType = sourcecode.swift; name = LoginRouter.swift; path = Todo/Presentation/LoginView/LoginRouter.swift; sourceTree = SOURCE_ROOT; };
		332FAD55255EBEE200BC64E3 /* LoginBuilder.swift */ = {isa = PBXFileReference; lastKnownFileType = sourcecode.swift; path = LoginBuilder.swift; sourceTree = "<group>"; };
		332FAD5B255EBF1B00BC64E3 /* TodoListViewController.swift */ = {isa = PBXFileReference; lastKnownFileType = sourcecode.swift; path = TodoListViewController.swift; sourceTree = "<group>"; };
		332FAD60255EBF3C00BC64E3 /* LoginViewController.storyboard */ = {isa = PBXFileReference; lastKnownFileType = file.storyboard; path = LoginViewController.storyboard; sourceTree = "<group>"; };
		332FAD65255EBF5000BC64E3 /* TodoListPresenter.swift */ = {isa = PBXFileReference; lastKnownFileType = sourcecode.swift; path = TodoListPresenter.swift; sourceTree = "<group>"; };
		332FAD6A255EBF5D00BC64E3 /* TodoListViewController.storyboard */ = {isa = PBXFileReference; lastKnownFileType = file.storyboard; path = TodoListViewController.storyboard; sourceTree = "<group>"; };
		332FAD6F255EBF7000BC64E3 /* TodoListRouter.swift */ = {isa = PBXFileReference; lastKnownFileType = sourcecode.swift; path = TodoListRouter.swift; sourceTree = "<group>"; };
		332FAD74255EBF7E00BC64E3 /* TodoListBuilder.swift */ = {isa = PBXFileReference; lastKnownFileType = sourcecode.swift; path = TodoListBuilder.swift; sourceTree = "<group>"; };
		332FAD79255EBFB300BC64E3 /* TodoDetailViewController.swift */ = {isa = PBXFileReference; lastKnownFileType = sourcecode.swift; path = TodoDetailViewController.swift; sourceTree = "<group>"; };
		332FAD86255EBFCD00BC64E3 /* TodoDetailViewController.storyboard */ = {isa = PBXFileReference; lastKnownFileType = file.storyboard; path = TodoDetailViewController.storyboard; sourceTree = "<group>"; };
		332FAD8B255EBFDA00BC64E3 /* TodoDetailPresenter.swift */ = {isa = PBXFileReference; lastKnownFileType = sourcecode.swift; path = TodoDetailPresenter.swift; sourceTree = "<group>"; };
		332FAD90255EBFE400BC64E3 /* TodoDetailRouter.swift */ = {isa = PBXFileReference; lastKnownFileType = sourcecode.swift; path = TodoDetailRouter.swift; sourceTree = "<group>"; };
		332FAD95255EBFF200BC64E3 /* TodoDetailBuilder.swift */ = {isa = PBXFileReference; lastKnownFileType = sourcecode.swift; path = TodoDetailBuilder.swift; sourceTree = "<group>"; };
		332FAD9F25609BC300BC64E3 /* GoogleService-Info.plist */ = {isa = PBXFileReference; fileEncoding = 4; lastKnownFileType = text.plist.xml; path = "GoogleService-Info.plist"; sourceTree = "<group>"; };
		333EB2D12560FC48001BC049 /* UIViewController+extensions.swift */ = {isa = PBXFileReference; lastKnownFileType = sourcecode.swift; path = "UIViewController+extensions.swift"; sourceTree = "<group>"; };
		52C788246F612C31160F9278 /* Pods_Todo.framework */ = {isa = PBXFileReference; explicitFileType = wrapper.framework; includeInIndex = 0; path = Pods_Todo.framework; sourceTree = BUILT_PRODUCTS_DIR; };
		6E48B39612BCC2E11453DC59 /* Pods-Todo.debug.xcconfig */ = {isa = PBXFileReference; includeInIndex = 1; lastKnownFileType = text.xcconfig; name = "Pods-Todo.debug.xcconfig"; path = "Target Support Files/Pods-Todo/Pods-Todo.debug.xcconfig"; sourceTree = "<group>"; };
		A6A15BCA2EBEAB95B4EF3384 /* Pods-TodoTests.debug.xcconfig */ = {isa = PBXFileReference; includeInIndex = 1; lastKnownFileType = text.xcconfig; name = "Pods-TodoTests.debug.xcconfig"; path = "Target Support Files/Pods-TodoTests/Pods-TodoTests.debug.xcconfig"; sourceTree = "<group>"; };
		C2CB19B8D1E485E538C7D721 /* Pods-TodoTests.release.xcconfig */ = {isa = PBXFileReference; includeInIndex = 1; lastKnownFileType = text.xcconfig; name = "Pods-TodoTests.release.xcconfig"; path = "Target Support Files/Pods-TodoTests/Pods-TodoTests.release.xcconfig"; sourceTree = "<group>"; };
		C7F14E1625C18E9009F5128E /* Pods_Todo_TodoUITests.framework */ = {isa = PBXFileReference; explicitFileType = wrapper.framework; includeInIndex = 0; path = Pods_Todo_TodoUITests.framework; sourceTree = BUILT_PRODUCTS_DIR; };
		C92BD41525553714002A0DCA /* LoginUsecase.swift */ = {isa = PBXFileReference; lastKnownFileType = sourcecode.swift; path = LoginUsecase.swift; sourceTree = "<group>"; };
		C92BD41D2555371F002A0DCA /* TodoUsecase.swift */ = {isa = PBXFileReference; lastKnownFileType = sourcecode.swift; path = TodoUsecase.swift; sourceTree = "<group>"; };
		C92BD42225553737002A0DCA /* LoginRepository.swift */ = {isa = PBXFileReference; lastKnownFileType = sourcecode.swift; path = LoginRepository.swift; sourceTree = "<group>"; };
		C92BD42725553740002A0DCA /* TodoRepository.swift */ = {isa = PBXFileReference; lastKnownFileType = sourcecode.swift; path = TodoRepository.swift; sourceTree = "<group>"; };
		C92BD4342555376B002A0DCA /* LoginViewController.swift */ = {isa = PBXFileReference; lastKnownFileType = sourcecode.swift; path = LoginViewController.swift; sourceTree = "<group>"; };
		C93066492552478100957493 /* Todo.swift */ = {isa = PBXFileReference; lastKnownFileType = sourcecode.swift; path = Todo.swift; sourceTree = "<group>"; };
		C930669A2553B34600957493 /* README.md */ = {isa = PBXFileReference; fileEncoding = 4; lastKnownFileType = net.daringfireball.markdown; path = README.md; sourceTree = "<group>"; };
		EB09DE73D5C560DAEB04A0E0 /* Pods-Todo-TodoUITests.release.xcconfig */ = {isa = PBXFileReference; includeInIndex = 1; lastKnownFileType = text.xcconfig; name = "Pods-Todo-TodoUITests.release.xcconfig"; path = "Target Support Files/Pods-Todo-TodoUITests/Pods-Todo-TodoUITests.release.xcconfig"; sourceTree = "<group>"; };
		F286CBEFE9FED4E384941587 /* Pods-Todo.release.xcconfig */ = {isa = PBXFileReference; includeInIndex = 1; lastKnownFileType = text.xcconfig; name = "Pods-Todo.release.xcconfig"; path = "Target Support Files/Pods-Todo/Pods-Todo.release.xcconfig"; sourceTree = "<group>"; };
		FD3298FB15F3501D16947F09 /* Pods-Todo-TodoUITests.debug.xcconfig */ = {isa = PBXFileReference; includeInIndex = 1; lastKnownFileType = text.xcconfig; name = "Pods-Todo-TodoUITests.debug.xcconfig"; path = "Target Support Files/Pods-Todo-TodoUITests/Pods-Todo-TodoUITests.debug.xcconfig"; sourceTree = "<group>"; };
/* End PBXFileReference section */

/* Begin PBXFrameworksBuildPhase section */
		331BEDDC254EDD0D0050AB73 /* Frameworks */ = {
			isa = PBXFrameworksBuildPhase;
			buildActionMask = 2147483647;
			files = (
				5617DAFF6D375A58B4CCFC36 /* Pods_Todo.framework in Frameworks */,
			);
			runOnlyForDeploymentPostprocessing = 0;
		};
		331BEDF2254EDD0E0050AB73 /* Frameworks */ = {
			isa = PBXFrameworksBuildPhase;
			buildActionMask = 2147483647;
			files = (
				A7638CC2618CFD5A6BF60DC4 /* Pods_TodoTests.framework in Frameworks */,
			);
			runOnlyForDeploymentPostprocessing = 0;
		};
		331BEDFD254EDD0E0050AB73 /* Frameworks */ = {
			isa = PBXFrameworksBuildPhase;
			buildActionMask = 2147483647;
			files = (
				CBC3FE15D167339E17463A04 /* Pods_Todo_TodoUITests.framework in Frameworks */,
			);
			runOnlyForDeploymentPostprocessing = 0;
		};
/* End PBXFrameworksBuildPhase section */

/* Begin PBXGroup section */
		331BEDD6254EDD0D0050AB73 = {
			isa = PBXGroup;
			children = (
				C930669A2553B34600957493 /* README.md */,
				331BEDE1254EDD0D0050AB73 /* Todo */,
				331BEDF8254EDD0E0050AB73 /* TodoTests */,
				331BEE03254EDD0E0050AB73 /* TodoUITests */,
				331BEDE0254EDD0D0050AB73 /* Products */,
				F61341FBE082ADE81B05C748 /* Pods */,
				98543459190F46EA67FAB600 /* Frameworks */,
			);
			sourceTree = "<group>";
		};
		331BEDE0254EDD0D0050AB73 /* Products */ = {
			isa = PBXGroup;
			children = (
				331BEDDF254EDD0D0050AB73 /* Todo.app */,
				331BEDF5254EDD0E0050AB73 /* TodoTests.xctest */,
				331BEE00254EDD0E0050AB73 /* TodoUITests.xctest */,
			);
			name = Products;
			sourceTree = "<group>";
		};
		331BEDE1254EDD0D0050AB73 /* Todo */ = {
			isa = PBXGroup;
			children = (
				331BEDE2254EDD0D0050AB73 /* AppDelegate.swift */,
				331BEDE4254EDD0D0050AB73 /* SceneDelegate.swift */,
				331BEDED254EDD0E0050AB73 /* LaunchScreen.storyboard */,
				C930664F2552479500957493 /* Entity */,
				C9306653255247FF00957493 /* Usecase */,
				C930664E2552478700957493 /* Data */,
				C92BD4122554FC06002A0DCA /* Presentation */,
				332FAD9E255EC17F00BC64E3 /* Resources */,
				333EB2D02560FC24001BC049 /* Extensions */,
			);
			path = Todo;
			sourceTree = "<group>";
		};
		331BEDF8254EDD0E0050AB73 /* TodoTests */ = {
			isa = PBXGroup;
			children = (
				331BEDF9254EDD0E0050AB73 /* TodoTests.swift */,
				331BEDFB254EDD0E0050AB73 /* Info.plist */,
			);
			path = TodoTests;
			sourceTree = "<group>";
		};
		331BEE03254EDD0E0050AB73 /* TodoUITests */ = {
			isa = PBXGroup;
			children = (
				331BEE04254EDD0E0050AB73 /* TodoUITests.swift */,
				331BEE06254EDD0E0050AB73 /* Info.plist */,
			);
			path = TodoUITests;
			sourceTree = "<group>";
		};
		332FAD42255EBD9400BC64E3 /* Repository */ = {
			isa = PBXGroup;
			children = (
				C92BD42225553737002A0DCA /* LoginRepository.swift */,
				C92BD42725553740002A0DCA /* TodoRepository.swift */,
			);
			path = Repository;
			sourceTree = "<group>";
		};
		332FAD43255EBDA600BC64E3 /* RequestResponse */ = {
			isa = PBXGroup;
			children = (
			);
			path = RequestResponse;
			sourceTree = "<group>";
		};
		332FAD5A255EBEFB00BC64E3 /* TodoListView */ = {
			isa = PBXGroup;
			children = (
				332FAD5B255EBF1B00BC64E3 /* TodoListViewController.swift */,
				332FAD6A255EBF5D00BC64E3 /* TodoListViewController.storyboard */,
				332FAD65255EBF5000BC64E3 /* TodoListPresenter.swift */,
				332FAD6F255EBF7000BC64E3 /* TodoListRouter.swift */,
				332FAD74255EBF7E00BC64E3 /* TodoListBuilder.swift */,
			);
			path = TodoListView;
			sourceTree = "<group>";
		};
		332FAD9E255EC17F00BC64E3 /* Resources */ = {
			isa = PBXGroup;
			children = (
				331BEDEB254EDD0E0050AB73 /* Assets.xcassets */,
				332FAD9F25609BC300BC64E3 /* GoogleService-Info.plist */,
				331BEDF0254EDD0E0050AB73 /* Info.plist */,
			);
			path = Resources;
			sourceTree = "<group>";
		};
		333EB2D02560FC24001BC049 /* Extensions */ = {
			isa = PBXGroup;
			children = (
				333EB2D12560FC48001BC049 /* UIViewController+extensions.swift */,
			);
			path = Extensions;
			sourceTree = "<group>";
		};
		98543459190F46EA67FAB600 /* Frameworks */ = {
			isa = PBXGroup;
			children = (
				52C788246F612C31160F9278 /* Pods_Todo.framework */,
				C7F14E1625C18E9009F5128E /* Pods_Todo_TodoUITests.framework */,
				2B4241DCDD268B959376E652 /* Pods_TodoTests.framework */,
			);
			name = Frameworks;
			sourceTree = "<group>";
		};
		C92BD4122554FC06002A0DCA /* Presentation */ = {
			isa = PBXGroup;
			children = (
				C92BD43A25553786002A0DCA /* LoginView */,
				332FAD5A255EBEFB00BC64E3 /* TodoListView */,
				C92BD44325553829002A0DCA /* TodoDetail */,
			);
			path = Presentation;
			sourceTree = "<group>";
		};
		C92BD43A25553786002A0DCA /* LoginView */ = {
			isa = PBXGroup;
			children = (
				C92BD4342555376B002A0DCA /* LoginViewController.swift */,
				332FAD60255EBF3C00BC64E3 /* LoginViewController.storyboard */,
				332FAD4B255EBEA500BC64E3 /* LoginPresenter.swift */,
				332FAD50255EBEB900BC64E3 /* LoginRouter.swift */,
				332FAD55255EBEE200BC64E3 /* LoginBuilder.swift */,
			);
			path = LoginView;
			sourceTree = "<group>";
		};
		C92BD44325553829002A0DCA /* TodoDetail */ = {
			isa = PBXGroup;
			children = (
				332FAD79255EBFB300BC64E3 /* TodoDetailViewController.swift */,
				332FAD86255EBFCD00BC64E3 /* TodoDetailViewController.storyboard */,
				332FAD8B255EBFDA00BC64E3 /* TodoDetailPresenter.swift */,
				332FAD90255EBFE400BC64E3 /* TodoDetailRouter.swift */,
				332FAD95255EBFF200BC64E3 /* TodoDetailBuilder.swift */,
			);
			path = TodoDetail;
			sourceTree = "<group>";
		};
		C930664E2552478700957493 /* Data */ = {
			isa = PBXGroup;
			children = (
				332FAD42255EBD9400BC64E3 /* Repository */,
				332FAD43255EBDA600BC64E3 /* RequestResponse */,
			);
			path = Data;
			sourceTree = "<group>";
		};
		C930664F2552479500957493 /* Entity */ = {
			isa = PBXGroup;
			children = (
				C93066492552478100957493 /* Todo.swift */,
			);
			path = Entity;
			sourceTree = "<group>";
		};
		C9306653255247FF00957493 /* Usecase */ = {
			isa = PBXGroup;
			children = (
				C92BD41525553714002A0DCA /* LoginUsecase.swift */,
				C92BD41D2555371F002A0DCA /* TodoUsecase.swift */,
			);
			path = Usecase;
			sourceTree = "<group>";
		};
		F61341FBE082ADE81B05C748 /* Pods */ = {
			isa = PBXGroup;
			children = (
				6E48B39612BCC2E11453DC59 /* Pods-Todo.debug.xcconfig */,
				F286CBEFE9FED4E384941587 /* Pods-Todo.release.xcconfig */,
				FD3298FB15F3501D16947F09 /* Pods-Todo-TodoUITests.debug.xcconfig */,
				EB09DE73D5C560DAEB04A0E0 /* Pods-Todo-TodoUITests.release.xcconfig */,
				A6A15BCA2EBEAB95B4EF3384 /* Pods-TodoTests.debug.xcconfig */,
				C2CB19B8D1E485E538C7D721 /* Pods-TodoTests.release.xcconfig */,
			);
			path = Pods;
			sourceTree = "<group>";
		};
/* End PBXGroup section */

/* Begin PBXNativeTarget section */
		331BEDDE254EDD0D0050AB73 /* Todo */ = {
			isa = PBXNativeTarget;
			buildConfigurationList = 331BEE09254EDD0E0050AB73 /* Build configuration list for PBXNativeTarget "Todo" */;
			buildPhases = (
				14F5E6378378D6004A34EECF /* [CP] Check Pods Manifest.lock */,
				332FAD35255EB97500BC64E3 /* SwiftLint/SwiftFormat Run Script */,
				331BEDDB254EDD0D0050AB73 /* Sources */,
				331BEDDC254EDD0D0050AB73 /* Frameworks */,
				331BEDDD254EDD0D0050AB73 /* Resources */,
				AA3C738EC9ED91EC77C7D560 /* [CP] Embed Pods Frameworks */,
			);
			buildRules = (
			);
			dependencies = (
			);
			name = Todo;
			productName = Todo;
			productReference = 331BEDDF254EDD0D0050AB73 /* Todo.app */;
			productType = "com.apple.product-type.application";
		};
		331BEDF4254EDD0E0050AB73 /* TodoTests */ = {
			isa = PBXNativeTarget;
			buildConfigurationList = 331BEE0C254EDD0E0050AB73 /* Build configuration list for PBXNativeTarget "TodoTests" */;
			buildPhases = (
				59D31C3034B488B8C2DCA8DD /* [CP] Check Pods Manifest.lock */,
				331BEDF1254EDD0E0050AB73 /* Sources */,
				331BEDF2254EDD0E0050AB73 /* Frameworks */,
				331BEDF3254EDD0E0050AB73 /* Resources */,
				3F6C2E99CFA7563D5B19F0F3 /* [CP] Embed Pods Frameworks */,
			);
			buildRules = (
			);
			dependencies = (
				331BEDF7254EDD0E0050AB73 /* PBXTargetDependency */,
			);
			name = TodoTests;
			productName = TodoTests;
			productReference = 331BEDF5254EDD0E0050AB73 /* TodoTests.xctest */;
			productType = "com.apple.product-type.bundle.unit-test";
		};
		331BEDFF254EDD0E0050AB73 /* TodoUITests */ = {
			isa = PBXNativeTarget;
			buildConfigurationList = 331BEE0F254EDD0E0050AB73 /* Build configuration list for PBXNativeTarget "TodoUITests" */;
			buildPhases = (
				9BF5B9B62866B325117CED10 /* [CP] Check Pods Manifest.lock */,
				331BEDFC254EDD0E0050AB73 /* Sources */,
				331BEDFD254EDD0E0050AB73 /* Frameworks */,
				331BEDFE254EDD0E0050AB73 /* Resources */,
				4675494F15183D4647C5967B /* [CP] Embed Pods Frameworks */,
			);
			buildRules = (
			);
			dependencies = (
				331BEE02254EDD0E0050AB73 /* PBXTargetDependency */,
			);
			name = TodoUITests;
			productName = TodoUITests;
			productReference = 331BEE00254EDD0E0050AB73 /* TodoUITests.xctest */;
			productType = "com.apple.product-type.bundle.ui-testing";
		};
/* End PBXNativeTarget section */

/* Begin PBXProject section */
		331BEDD7254EDD0D0050AB73 /* Project object */ = {
			isa = PBXProject;
			attributes = {
				LastSwiftUpdateCheck = 1210;
				LastUpgradeCheck = 1210;
				TargetAttributes = {
					331BEDDE254EDD0D0050AB73 = {
						CreatedOnToolsVersion = 12.1;
					};
					331BEDF4254EDD0E0050AB73 = {
						CreatedOnToolsVersion = 12.1;
						TestTargetID = 331BEDDE254EDD0D0050AB73;
					};
					331BEDFF254EDD0E0050AB73 = {
						CreatedOnToolsVersion = 12.1;
						TestTargetID = 331BEDDE254EDD0D0050AB73;
					};
				};
			};
			buildConfigurationList = 331BEDDA254EDD0D0050AB73 /* Build configuration list for PBXProject "Todo" */;
			compatibilityVersion = "Xcode 9.3";
			developmentRegion = en;
			hasScannedForEncodings = 0;
			knownRegions = (
				en,
				Base,
			);
			mainGroup = 331BEDD6254EDD0D0050AB73;
			productRefGroup = 331BEDE0254EDD0D0050AB73 /* Products */;
			projectDirPath = "";
			projectRoot = "";
			targets = (
				331BEDDE254EDD0D0050AB73 /* Todo */,
				331BEDF4254EDD0E0050AB73 /* TodoTests */,
				331BEDFF254EDD0E0050AB73 /* TodoUITests */,
			);
		};
/* End PBXProject section */

/* Begin PBXResourcesBuildPhase section */
		331BEDDD254EDD0D0050AB73 /* Resources */ = {
			isa = PBXResourcesBuildPhase;
			buildActionMask = 2147483647;
			files = (
				331BEDEF254EDD0E0050AB73 /* LaunchScreen.storyboard in Resources */,
				332FADA025609BC300BC64E3 /* GoogleService-Info.plist in Resources */,
				332FAD6B255EBF5D00BC64E3 /* TodoListViewController.storyboard in Resources */,
				331BEDEC254EDD0E0050AB73 /* Assets.xcassets in Resources */,
				332FAD61255EBF3C00BC64E3 /* LoginViewController.storyboard in Resources */,
				C930669B2553B34600957493 /* README.md in Resources */,
				332FAD87255EBFCD00BC64E3 /* TodoDetailViewController.storyboard in Resources */,
			);
			runOnlyForDeploymentPostprocessing = 0;
		};
		331BEDF3254EDD0E0050AB73 /* Resources */ = {
			isa = PBXResourcesBuildPhase;
			buildActionMask = 2147483647;
			files = (
			);
			runOnlyForDeploymentPostprocessing = 0;
		};
		331BEDFE254EDD0E0050AB73 /* Resources */ = {
			isa = PBXResourcesBuildPhase;
			buildActionMask = 2147483647;
			files = (
			);
			runOnlyForDeploymentPostprocessing = 0;
		};
/* End PBXResourcesBuildPhase section */

/* Begin PBXShellScriptBuildPhase section */
		14F5E6378378D6004A34EECF /* [CP] Check Pods Manifest.lock */ = {
			isa = PBXShellScriptBuildPhase;
			buildActionMask = 2147483647;
			files = (
			);
			inputFileListPaths = (
			);
			inputPaths = (
				"${PODS_PODFILE_DIR_PATH}/Podfile.lock",
				"${PODS_ROOT}/Manifest.lock",
			);
			name = "[CP] Check Pods Manifest.lock";
			outputFileListPaths = (
			);
			outputPaths = (
				"$(DERIVED_FILE_DIR)/Pods-Todo-checkManifestLockResult.txt",
			);
			runOnlyForDeploymentPostprocessing = 0;
			shellPath = /bin/sh;
			shellScript = "diff \"${PODS_PODFILE_DIR_PATH}/Podfile.lock\" \"${PODS_ROOT}/Manifest.lock\" > /dev/null\nif [ $? != 0 ] ; then\n    # print error to STDERR\n    echo \"error: The sandbox is not in sync with the Podfile.lock. Run 'pod install' or update your CocoaPods installation.\" >&2\n    exit 1\nfi\n# This output is used by Xcode 'outputs' to avoid re-running this script phase.\necho \"SUCCESS\" > \"${SCRIPT_OUTPUT_FILE_0}\"\n";
			showEnvVarsInLog = 0;
		};
		332FAD35255EB97500BC64E3 /* SwiftLint/SwiftFormat Run Script */ = {
			isa = PBXShellScriptBuildPhase;
			buildActionMask = 2147483647;
			files = (
			);
			inputFileListPaths = (
			);
			inputPaths = (
			);
			name = "SwiftLint/SwiftFormat Run Script";
			outputFileListPaths = (
			);
			outputPaths = (
			);
			runOnlyForDeploymentPostprocessing = 0;
			shellPath = /bin/sh;
			shellScript = "\"${PODS_ROOT}/SwiftFormat/CommandLineTool/swiftformat\" . --exclude Carthage,Pods --trimwhitespace nonblank-lines --stripunusedargs closure-only --disable strongOutlets,trailingCommas\n\"${PODS_ROOT}/SwiftLint/swiftlint\"\n\n\n\n";
		};
		3F6C2E99CFA7563D5B19F0F3 /* [CP] Embed Pods Frameworks */ = {
			isa = PBXShellScriptBuildPhase;
			buildActionMask = 2147483647;
			files = (
			);
			inputFileListPaths = (
				"${PODS_ROOT}/Target Support Files/Pods-TodoTests/Pods-TodoTests-frameworks-${CONFIGURATION}-input-files.xcfilelist",
			);
			name = "[CP] Embed Pods Frameworks";
			outputFileListPaths = (
				"${PODS_ROOT}/Target Support Files/Pods-TodoTests/Pods-TodoTests-frameworks-${CONFIGURATION}-output-files.xcfilelist",
			);
			runOnlyForDeploymentPostprocessing = 0;
			shellPath = /bin/sh;
			shellScript = "\"${PODS_ROOT}/Target Support Files/Pods-TodoTests/Pods-TodoTests-frameworks.sh\"\n";
			showEnvVarsInLog = 0;
		};
		4675494F15183D4647C5967B /* [CP] Embed Pods Frameworks */ = {
			isa = PBXShellScriptBuildPhase;
			buildActionMask = 2147483647;
			files = (
			);
			inputFileListPaths = (
				"${PODS_ROOT}/Target Support Files/Pods-Todo-TodoUITests/Pods-Todo-TodoUITests-frameworks-${CONFIGURATION}-input-files.xcfilelist",
			);
			name = "[CP] Embed Pods Frameworks";
			outputFileListPaths = (
				"${PODS_ROOT}/Target Support Files/Pods-Todo-TodoUITests/Pods-Todo-TodoUITests-frameworks-${CONFIGURATION}-output-files.xcfilelist",
			);
			runOnlyForDeploymentPostprocessing = 0;
			shellPath = /bin/sh;
			shellScript = "\"${PODS_ROOT}/Target Support Files/Pods-Todo-TodoUITests/Pods-Todo-TodoUITests-frameworks.sh\"\n";
			showEnvVarsInLog = 0;
		};
		59D31C3034B488B8C2DCA8DD /* [CP] Check Pods Manifest.lock */ = {
			isa = PBXShellScriptBuildPhase;
			buildActionMask = 2147483647;
			files = (
			);
			inputFileListPaths = (
			);
			inputPaths = (
				"${PODS_PODFILE_DIR_PATH}/Podfile.lock",
				"${PODS_ROOT}/Manifest.lock",
			);
			name = "[CP] Check Pods Manifest.lock";
			outputFileListPaths = (
			);
			outputPaths = (
				"$(DERIVED_FILE_DIR)/Pods-TodoTests-checkManifestLockResult.txt",
			);
			runOnlyForDeploymentPostprocessing = 0;
			shellPath = /bin/sh;
			shellScript = "diff \"${PODS_PODFILE_DIR_PATH}/Podfile.lock\" \"${PODS_ROOT}/Manifest.lock\" > /dev/null\nif [ $? != 0 ] ; then\n    # print error to STDERR\n    echo \"error: The sandbox is not in sync with the Podfile.lock. Run 'pod install' or update your CocoaPods installation.\" >&2\n    exit 1\nfi\n# This output is used by Xcode 'outputs' to avoid re-running this script phase.\necho \"SUCCESS\" > \"${SCRIPT_OUTPUT_FILE_0}\"\n";
			showEnvVarsInLog = 0;
		};
		9BF5B9B62866B325117CED10 /* [CP] Check Pods Manifest.lock */ = {
			isa = PBXShellScriptBuildPhase;
			buildActionMask = 2147483647;
			files = (
			);
			inputFileListPaths = (
			);
			inputPaths = (
				"${PODS_PODFILE_DIR_PATH}/Podfile.lock",
				"${PODS_ROOT}/Manifest.lock",
			);
			name = "[CP] Check Pods Manifest.lock";
			outputFileListPaths = (
			);
			outputPaths = (
				"$(DERIVED_FILE_DIR)/Pods-Todo-TodoUITests-checkManifestLockResult.txt",
			);
			runOnlyForDeploymentPostprocessing = 0;
			shellPath = /bin/sh;
			shellScript = "diff \"${PODS_PODFILE_DIR_PATH}/Podfile.lock\" \"${PODS_ROOT}/Manifest.lock\" > /dev/null\nif [ $? != 0 ] ; then\n    # print error to STDERR\n    echo \"error: The sandbox is not in sync with the Podfile.lock. Run 'pod install' or update your CocoaPods installation.\" >&2\n    exit 1\nfi\n# This output is used by Xcode 'outputs' to avoid re-running this script phase.\necho \"SUCCESS\" > \"${SCRIPT_OUTPUT_FILE_0}\"\n";
			showEnvVarsInLog = 0;
		};
		AA3C738EC9ED91EC77C7D560 /* [CP] Embed Pods Frameworks */ = {
			isa = PBXShellScriptBuildPhase;
			buildActionMask = 2147483647;
			files = (
			);
			inputFileListPaths = (
				"${PODS_ROOT}/Target Support Files/Pods-Todo/Pods-Todo-frameworks-${CONFIGURATION}-input-files.xcfilelist",
			);
			name = "[CP] Embed Pods Frameworks";
			outputFileListPaths = (
				"${PODS_ROOT}/Target Support Files/Pods-Todo/Pods-Todo-frameworks-${CONFIGURATION}-output-files.xcfilelist",
			);
			runOnlyForDeploymentPostprocessing = 0;
			shellPath = /bin/sh;
			shellScript = "\"${PODS_ROOT}/Target Support Files/Pods-Todo/Pods-Todo-frameworks.sh\"\n";
			showEnvVarsInLog = 0;
		};
/* End PBXShellScriptBuildPhase section */

/* Begin PBXSourcesBuildPhase section */
		331BEDDB254EDD0D0050AB73 /* Sources */ = {
			isa = PBXSourcesBuildPhase;
			buildActionMask = 2147483647;
			files = (
				332FAD66255EBF5000BC64E3 /* TodoListPresenter.swift in Sources */,
				C92BD4352555376B002A0DCA /* LoginViewController.swift in Sources */,
				332FAD96255EBFF200BC64E3 /* TodoDetailBuilder.swift in Sources */,
				332FAD7B255EBFB300BC64E3 /* TodoDetailViewController.swift in Sources */,
				332FAD8C255EBFDA00BC64E3 /* TodoDetailPresenter.swift in Sources */,
				C92BD41625553714002A0DCA /* LoginUsecase.swift in Sources */,
				332FAD5C255EBF1B00BC64E3 /* TodoListViewController.swift in Sources */,
				331BEDE3254EDD0D0050AB73 /* AppDelegate.swift in Sources */,
				332FAD70255EBF7000BC64E3 /* TodoListRouter.swift in Sources */,
				332FAD4C255EBEA500BC64E3 /* LoginPresenter.swift in Sources */,
				C92BD42325553737002A0DCA /* LoginRepository.swift in Sources */,
				332FAD75255EBF7E00BC64E3 /* TodoListBuilder.swift in Sources */,
				C92BD41E2555371F002A0DCA /* TodoUsecase.swift in Sources */,
				C92BD42825553740002A0DCA /* TodoRepository.swift in Sources */,
				332FAD51255EBEB900BC64E3 /* LoginRouter.swift in Sources */,
				333EB2D22560FC48001BC049 /* UIViewController+extensions.swift in Sources */,
				332FAD56255EBEE200BC64E3 /* LoginBuilder.swift in Sources */,
				331BEDE5254EDD0D0050AB73 /* SceneDelegate.swift in Sources */,
				332FAD91255EBFE400BC64E3 /* TodoDetailRouter.swift in Sources */,
				C930664A2552478100957493 /* Todo.swift in Sources */,
			);
			runOnlyForDeploymentPostprocessing = 0;
		};
		331BEDF1254EDD0E0050AB73 /* Sources */ = {
			isa = PBXSourcesBuildPhase;
			buildActionMask = 2147483647;
			files = (
				331BEDFA254EDD0E0050AB73 /* TodoTests.swift in Sources */,
			);
			runOnlyForDeploymentPostprocessing = 0;
		};
		331BEDFC254EDD0E0050AB73 /* Sources */ = {
			isa = PBXSourcesBuildPhase;
			buildActionMask = 2147483647;
			files = (
				331BEE05254EDD0E0050AB73 /* TodoUITests.swift in Sources */,
			);
			runOnlyForDeploymentPostprocessing = 0;
		};
/* End PBXSourcesBuildPhase section */

/* Begin PBXTargetDependency section */
		331BEDF7254EDD0E0050AB73 /* PBXTargetDependency */ = {
			isa = PBXTargetDependency;
			target = 331BEDDE254EDD0D0050AB73 /* Todo */;
			targetProxy = 331BEDF6254EDD0E0050AB73 /* PBXContainerItemProxy */;
		};
		331BEE02254EDD0E0050AB73 /* PBXTargetDependency */ = {
			isa = PBXTargetDependency;
			target = 331BEDDE254EDD0D0050AB73 /* Todo */;
			targetProxy = 331BEE01254EDD0E0050AB73 /* PBXContainerItemProxy */;
		};
/* End PBXTargetDependency section */

/* Begin PBXVariantGroup section */
		331BEDED254EDD0E0050AB73 /* LaunchScreen.storyboard */ = {
			isa = PBXVariantGroup;
			children = (
				331BEDEE254EDD0E0050AB73 /* Base */,
			);
			name = LaunchScreen.storyboard;
			sourceTree = "<group>";
		};
/* End PBXVariantGroup section */

/* Begin XCBuildConfiguration section */
		331BEE07254EDD0E0050AB73 /* Debug */ = {
			isa = XCBuildConfiguration;
			buildSettings = {
				ALWAYS_EMBED_SWIFT_STANDARD_LIBRARIES = "$(inherited)";
				ALWAYS_SEARCH_USER_PATHS = NO;
				CLANG_ANALYZER_NONNULL = YES;
				CLANG_ANALYZER_NUMBER_OBJECT_CONVERSION = YES_AGGRESSIVE;
				CLANG_CXX_LANGUAGE_STANDARD = "gnu++14";
				CLANG_CXX_LIBRARY = "libc++";
				CLANG_ENABLE_MODULES = YES;
				CLANG_ENABLE_OBJC_ARC = YES;
				CLANG_ENABLE_OBJC_WEAK = YES;
				CLANG_WARN_BLOCK_CAPTURE_AUTORELEASING = YES;
				CLANG_WARN_BOOL_CONVERSION = YES;
				CLANG_WARN_COMMA = YES;
				CLANG_WARN_CONSTANT_CONVERSION = YES;
				CLANG_WARN_DEPRECATED_OBJC_IMPLEMENTATIONS = YES;
				CLANG_WARN_DIRECT_OBJC_ISA_USAGE = YES_ERROR;
				CLANG_WARN_DOCUMENTATION_COMMENTS = YES;
				CLANG_WARN_EMPTY_BODY = YES;
				CLANG_WARN_ENUM_CONVERSION = YES;
				CLANG_WARN_INFINITE_RECURSION = YES;
				CLANG_WARN_INT_CONVERSION = YES;
				CLANG_WARN_NON_LITERAL_NULL_CONVERSION = YES;
				CLANG_WARN_OBJC_IMPLICIT_RETAIN_SELF = YES;
				CLANG_WARN_OBJC_LITERAL_CONVERSION = YES;
				CLANG_WARN_OBJC_ROOT_CLASS = YES_ERROR;
				CLANG_WARN_QUOTED_INCLUDE_IN_FRAMEWORK_HEADER = YES;
				CLANG_WARN_RANGE_LOOP_ANALYSIS = YES;
				CLANG_WARN_STRICT_PROTOTYPES = YES;
				CLANG_WARN_SUSPICIOUS_MOVE = YES;
				CLANG_WARN_UNGUARDED_AVAILABILITY = YES_AGGRESSIVE;
				CLANG_WARN_UNREACHABLE_CODE = YES;
				CLANG_WARN__DUPLICATE_METHOD_MATCH = YES;
				COPY_PHASE_STRIP = NO;
				DEBUG_INFORMATION_FORMAT = dwarf;
				ENABLE_STRICT_OBJC_MSGSEND = YES;
				ENABLE_TESTABILITY = YES;
				GCC_C_LANGUAGE_STANDARD = gnu11;
				GCC_DYNAMIC_NO_PIC = NO;
				GCC_NO_COMMON_BLOCKS = YES;
				GCC_OPTIMIZATION_LEVEL = 0;
				GCC_PREPROCESSOR_DEFINITIONS = (
					"DEBUG=1",
					"$(inherited)",
				);
				GCC_WARN_64_TO_32_BIT_CONVERSION = YES;
				GCC_WARN_ABOUT_RETURN_TYPE = YES_ERROR;
				GCC_WARN_UNDECLARED_SELECTOR = YES;
				GCC_WARN_UNINITIALIZED_AUTOS = YES_AGGRESSIVE;
				GCC_WARN_UNUSED_FUNCTION = YES;
				GCC_WARN_UNUSED_VARIABLE = YES;
				IPHONEOS_DEPLOYMENT_TARGET = 14.1;
				MTL_ENABLE_DEBUG_INFO = INCLUDE_SOURCE;
				MTL_FAST_MATH = YES;
				ONLY_ACTIVE_ARCH = YES;
				SDKROOT = iphoneos;
				SWIFT_ACTIVE_COMPILATION_CONDITIONS = DEBUG;
				SWIFT_OPTIMIZATION_LEVEL = "-Onone";
			};
			name = Debug;
		};
		331BEE08254EDD0E0050AB73 /* Release */ = {
			isa = XCBuildConfiguration;
			buildSettings = {
				ALWAYS_EMBED_SWIFT_STANDARD_LIBRARIES = "$(inherited)";
				ALWAYS_SEARCH_USER_PATHS = NO;
				CLANG_ANALYZER_NONNULL = YES;
				CLANG_ANALYZER_NUMBER_OBJECT_CONVERSION = YES_AGGRESSIVE;
				CLANG_CXX_LANGUAGE_STANDARD = "gnu++14";
				CLANG_CXX_LIBRARY = "libc++";
				CLANG_ENABLE_MODULES = YES;
				CLANG_ENABLE_OBJC_ARC = YES;
				CLANG_ENABLE_OBJC_WEAK = YES;
				CLANG_WARN_BLOCK_CAPTURE_AUTORELEASING = YES;
				CLANG_WARN_BOOL_CONVERSION = YES;
				CLANG_WARN_COMMA = YES;
				CLANG_WARN_CONSTANT_CONVERSION = YES;
				CLANG_WARN_DEPRECATED_OBJC_IMPLEMENTATIONS = YES;
				CLANG_WARN_DIRECT_OBJC_ISA_USAGE = YES_ERROR;
				CLANG_WARN_DOCUMENTATION_COMMENTS = YES;
				CLANG_WARN_EMPTY_BODY = YES;
				CLANG_WARN_ENUM_CONVERSION = YES;
				CLANG_WARN_INFINITE_RECURSION = YES;
				CLANG_WARN_INT_CONVERSION = YES;
				CLANG_WARN_NON_LITERAL_NULL_CONVERSION = YES;
				CLANG_WARN_OBJC_IMPLICIT_RETAIN_SELF = YES;
				CLANG_WARN_OBJC_LITERAL_CONVERSION = YES;
				CLANG_WARN_OBJC_ROOT_CLASS = YES_ERROR;
				CLANG_WARN_QUOTED_INCLUDE_IN_FRAMEWORK_HEADER = YES;
				CLANG_WARN_RANGE_LOOP_ANALYSIS = YES;
				CLANG_WARN_STRICT_PROTOTYPES = YES;
				CLANG_WARN_SUSPICIOUS_MOVE = YES;
				CLANG_WARN_UNGUARDED_AVAILABILITY = YES_AGGRESSIVE;
				CLANG_WARN_UNREACHABLE_CODE = YES;
				CLANG_WARN__DUPLICATE_METHOD_MATCH = YES;
				COPY_PHASE_STRIP = NO;
				DEBUG_INFORMATION_FORMAT = "dwarf-with-dsym";
				ENABLE_NS_ASSERTIONS = NO;
				ENABLE_STRICT_OBJC_MSGSEND = YES;
				GCC_C_LANGUAGE_STANDARD = gnu11;
				GCC_NO_COMMON_BLOCKS = YES;
				GCC_WARN_64_TO_32_BIT_CONVERSION = YES;
				GCC_WARN_ABOUT_RETURN_TYPE = YES_ERROR;
				GCC_WARN_UNDECLARED_SELECTOR = YES;
				GCC_WARN_UNINITIALIZED_AUTOS = YES_AGGRESSIVE;
				GCC_WARN_UNUSED_FUNCTION = YES;
				GCC_WARN_UNUSED_VARIABLE = YES;
				IPHONEOS_DEPLOYMENT_TARGET = 14.1;
				MTL_ENABLE_DEBUG_INFO = NO;
				MTL_FAST_MATH = YES;
				SDKROOT = iphoneos;
				SWIFT_COMPILATION_MODE = wholemodule;
				SWIFT_OPTIMIZATION_LEVEL = "-O";
				VALIDATE_PRODUCT = YES;
			};
			name = Release;
		};
		331BEE0A254EDD0E0050AB73 /* Debug */ = {
			isa = XCBuildConfiguration;
			baseConfigurationReference = 6E48B39612BCC2E11453DC59 /* Pods-Todo.debug.xcconfig */;
			buildSettings = {
				ALWAYS_EMBED_SWIFT_STANDARD_LIBRARIES = "$(inherited)";
				ASSETCATALOG_COMPILER_APPICON_NAME = AppIcon;
				ASSETCATALOG_COMPILER_GLOBAL_ACCENT_COLOR_NAME = AccentColor;
				CODE_SIGN_STYLE = Automatic;
				DEVELOPMENT_TEAM = 826UFXVDY8;
				INFOPLIST_FILE = "$(SRCROOT)/Todo/Resources/Info.plist";
				LD_RUNPATH_SEARCH_PATHS = (
					"$(inherited)",
					"@executable_path/Frameworks",
				);
				PRODUCT_BUNDLE_IDENTIFIER = yosuke.Todo;
				PRODUCT_NAME = "$(TARGET_NAME)";
				SWIFT_VERSION = 5.0;
				TARGETED_DEVICE_FAMILY = "1,2";
			};
			name = Debug;
		};
		331BEE0B254EDD0E0050AB73 /* Release */ = {
			isa = XCBuildConfiguration;
			baseConfigurationReference = F286CBEFE9FED4E384941587 /* Pods-Todo.release.xcconfig */;
			buildSettings = {
				ALWAYS_EMBED_SWIFT_STANDARD_LIBRARIES = "$(inherited)";
				ASSETCATALOG_COMPILER_APPICON_NAME = AppIcon;
				ASSETCATALOG_COMPILER_GLOBAL_ACCENT_COLOR_NAME = AccentColor;
				CODE_SIGN_STYLE = Automatic;
				DEVELOPMENT_TEAM = 826UFXVDY8;
				INFOPLIST_FILE = "$(SRCROOT)/Todo/Resources/Info.plist";
				LD_RUNPATH_SEARCH_PATHS = (
					"$(inherited)",
					"@executable_path/Frameworks",
				);
				PRODUCT_BUNDLE_IDENTIFIER = yosuke.Todo;
				PRODUCT_NAME = "$(TARGET_NAME)";
				SWIFT_VERSION = 5.0;
				TARGETED_DEVICE_FAMILY = "1,2";
			};
			name = Release;
		};
		331BEE0D254EDD0E0050AB73 /* Debug */ = {
			isa = XCBuildConfiguration;
			baseConfigurationReference = A6A15BCA2EBEAB95B4EF3384 /* Pods-TodoTests.debug.xcconfig */;
			buildSettings = {
				ALWAYS_EMBED_SWIFT_STANDARD_LIBRARIES = "$(inherited)";
				BUNDLE_LOADER = "$(TEST_HOST)";
				CODE_SIGN_STYLE = Automatic;
				DEVELOPMENT_TEAM = 826UFXVDY8;
				INFOPLIST_FILE = TodoTests/Info.plist;
				IPHONEOS_DEPLOYMENT_TARGET = 14.1;
				LD_RUNPATH_SEARCH_PATHS = (
					"$(inherited)",
					"@executable_path/Frameworks",
					"@loader_path/Frameworks",
				);
				PRODUCT_BUNDLE_IDENTIFIER = yosuke.TodoTests;
				PRODUCT_NAME = "$(TARGET_NAME)";
				SWIFT_VERSION = 5.0;
				TARGETED_DEVICE_FAMILY = "1,2";
				TEST_HOST = "$(BUILT_PRODUCTS_DIR)/Todo.app/Todo";
			};
			name = Debug;
		};
		331BEE0E254EDD0E0050AB73 /* Release */ = {
			isa = XCBuildConfiguration;
			baseConfigurationReference = C2CB19B8D1E485E538C7D721 /* Pods-TodoTests.release.xcconfig */;
			buildSettings = {
				ALWAYS_EMBED_SWIFT_STANDARD_LIBRARIES = "$(inherited)";
				BUNDLE_LOADER = "$(TEST_HOST)";
				CODE_SIGN_STYLE = Automatic;
				DEVELOPMENT_TEAM = 826UFXVDY8;
				INFOPLIST_FILE = TodoTests/Info.plist;
				IPHONEOS_DEPLOYMENT_TARGET = 14.1;
				LD_RUNPATH_SEARCH_PATHS = (
					"$(inherited)",
					"@executable_path/Frameworks",
					"@loader_path/Frameworks",
				);
				PRODUCT_BUNDLE_IDENTIFIER = yosuke.TodoTests;
				PRODUCT_NAME = "$(TARGET_NAME)";
				SWIFT_VERSION = 5.0;
				TARGETED_DEVICE_FAMILY = "1,2";
				TEST_HOST = "$(BUILT_PRODUCTS_DIR)/Todo.app/Todo";
			};
			name = Release;
		};
		331BEE10254EDD0E0050AB73 /* Debug */ = {
			isa = XCBuildConfiguration;
			baseConfigurationReference = FD3298FB15F3501D16947F09 /* Pods-Todo-TodoUITests.debug.xcconfig */;
			buildSettings = {
				ALWAYS_EMBED_SWIFT_STANDARD_LIBRARIES = "$(inherited)";
				CODE_SIGN_STYLE = Automatic;
				DEVELOPMENT_TEAM = 826UFXVDY8;
				INFOPLIST_FILE = TodoUITests/Info.plist;
				LD_RUNPATH_SEARCH_PATHS = (
					"$(inherited)",
					"@executable_path/Frameworks",
					"@loader_path/Frameworks",
				);
				PRODUCT_BUNDLE_IDENTIFIER = yosuke.TodoUITests;
				PRODUCT_NAME = "$(TARGET_NAME)";
				SWIFT_VERSION = 5.0;
				TARGETED_DEVICE_FAMILY = "1,2";
				TEST_TARGET_NAME = Todo;
			};
			name = Debug;
		};
		331BEE11254EDD0E0050AB73 /* Release */ = {
			isa = XCBuildConfiguration;
			baseConfigurationReference = EB09DE73D5C560DAEB04A0E0 /* Pods-Todo-TodoUITests.release.xcconfig */;
			buildSettings = {
				ALWAYS_EMBED_SWIFT_STANDARD_LIBRARIES = "$(inherited)";
				CODE_SIGN_STYLE = Automatic;
				DEVELOPMENT_TEAM = 826UFXVDY8;
				INFOPLIST_FILE = TodoUITests/Info.plist;
				LD_RUNPATH_SEARCH_PATHS = (
					"$(inherited)",
					"@executable_path/Frameworks",
					"@loader_path/Frameworks",
				);
				PRODUCT_BUNDLE_IDENTIFIER = yosuke.TodoUITests;
				PRODUCT_NAME = "$(TARGET_NAME)";
				SWIFT_VERSION = 5.0;
				TARGETED_DEVICE_FAMILY = "1,2";
				TEST_TARGET_NAME = Todo;
			};
			name = Release;
		};
/* End XCBuildConfiguration section */

/* Begin XCConfigurationList section */
		331BEDDA254EDD0D0050AB73 /* Build configuration list for PBXProject "Todo" */ = {
			isa = XCConfigurationList;
			buildConfigurations = (
				331BEE07254EDD0E0050AB73 /* Debug */,
				331BEE08254EDD0E0050AB73 /* Release */,
			);
			defaultConfigurationIsVisible = 0;
			defaultConfigurationName = Release;
		};
		331BEE09254EDD0E0050AB73 /* Build configuration list for PBXNativeTarget "Todo" */ = {
			isa = XCConfigurationList;
			buildConfigurations = (
				331BEE0A254EDD0E0050AB73 /* Debug */,
				331BEE0B254EDD0E0050AB73 /* Release */,
			);
			defaultConfigurationIsVisible = 0;
			defaultConfigurationName = Release;
		};
		331BEE0C254EDD0E0050AB73 /* Build configuration list for PBXNativeTarget "TodoTests" */ = {
			isa = XCConfigurationList;
			buildConfigurations = (
				331BEE0D254EDD0E0050AB73 /* Debug */,
				331BEE0E254EDD0E0050AB73 /* Release */,
			);
			defaultConfigurationIsVisible = 0;
			defaultConfigurationName = Release;
		};
		331BEE0F254EDD0E0050AB73 /* Build configuration list for PBXNativeTarget "TodoUITests" */ = {
			isa = XCConfigurationList;
			buildConfigurations = (
				331BEE10254EDD0E0050AB73 /* Debug */,
				331BEE11254EDD0E0050AB73 /* Release */,
			);
			defaultConfigurationIsVisible = 0;
			defaultConfigurationName = Release;
		};
/* End XCConfigurationList section */
	};
	rootObject = 331BEDD7254EDD0D0050AB73 /* Project object */;
}
